
Microsoft Visual Studio Solution File, Format Version 12.00
Project("{2150E333-8FDC-42A3-9474-1A3956D46DE8}") = "ContactProject", "ContactProject", "{FF179A83-64C3-4C02-9F50-84B697DC11CB}"
EndProject
Project("{2150E333-8FDC-42A3-9474-1A3956D46DE8}") = "ReportProject", "ReportProject", "{374A6479-62EF-437A-9B53-7ADC13369548}"
EndProject
Project("{FAE04EC0-301F-11D3-BF4B-00C04F79EFBC}") = "Contact.API", "Contact.API\Contact.API.csproj", "{C15D00B7-F133-409D-B550-5456FD16268F}"
EndProject
Project("{FAE04EC0-301F-11D3-BF4B-00C04F79EFBC}") = "Contact.Application", "Contact.Application\Contact.Application.csproj", "{95F509B8-57FB-4B75-8786-2821E4B1A816}"
EndProject
Project("{FAE04EC0-301F-11D3-BF4B-00C04F79EFBC}") = "Contact.Core", "Contact.Core\Contact.Core.csproj", "{CE74FC50-8ABE-4EE8-B818-EA43E4D194F2}"
EndProject
Project("{FAE04EC0-301F-11D3-BF4B-00C04F79EFBC}") = "Contact.Domain", "Contact.Domain\Contact.Domain.csproj", "{D24E2EC6-C28D-4C12-950D-E439B1D4AF21}"
EndProject
Project("{FAE04EC0-301F-11D3-BF4B-00C04F79EFBC}") = "Contact.Infrastructure", "Contact.Infrastructure\Contact.Infrastructure.csproj", "{6D7753B5-DB9E-4A37-8F91-9E2CC90A3DC5}"
EndProject
Project("{FAE04EC0-301F-11D3-BF4B-00C04F79EFBC}") = "Contact.Persistence", "Contact.Persistence\Contact.Persistence.csproj", "{80332B24-CD2F-4A29-A5CF-92B7F208BD71}"
EndProject
Global
	GlobalSection(SolutionConfigurationPlatforms) = preSolution
		Debug|Any CPU = Debug|Any CPU
		Release|Any CPU = Release|Any CPU
	EndGlobalSection
	GlobalSection(ProjectConfigurationPlatforms) = postSolution
		{C15D00B7-F133-409D-B550-5456FD16268F}.Debug|Any CPU.ActiveCfg = Debug|Any CPU
		{C15D00B7-F133-409D-B550-5456FD16268F}.Debug|Any CPU.Build.0 = Debug|Any CPU
		{C15D00B7-F133-409D-B550-5456FD16268F}.Release|Any CPU.ActiveCfg = Release|Any CPU
		{C15D00B7-F133-409D-B550-5456FD16268F}.Release|Any CPU.Build.0 = Release|Any CPU
		{95F509B8-57FB-4B75-8786-2821E4B1A816}.Debug|Any CPU.ActiveCfg = Debug|Any CPU
		{95F509B8-57FB-4B75-8786-2821E4B1A816}.Debug|Any CPU.Build.0 = Debug|Any CPU
		{95F509B8-57FB-4B75-8786-2821E4B1A816}.Release|Any CPU.ActiveCfg = Release|Any CPU
		{95F509B8-57FB-4B75-8786-2821E4B1A816}.Release|Any CPU.Build.0 = Release|Any CPU
		{CE74FC50-8ABE-4EE8-B818-EA43E4D194F2}.Debug|Any CPU.ActiveCfg = Debug|Any CPU
		{CE74FC50-8ABE-4EE8-B818-EA43E4D194F2}.Debug|Any CPU.Build.0 = Debug|Any CPU
		{CE74FC50-8ABE-4EE8-B818-EA43E4D194F2}.Release|Any CPU.ActiveCfg = Release|Any CPU
		{CE74FC50-8ABE-4EE8-B818-EA43E4D194F2}.Release|Any CPU.Build.0 = Release|Any CPU
		{D24E2EC6-C28D-4C12-950D-E439B1D4AF21}.Debug|Any CPU.ActiveCfg = Debug|Any CPU
		{D24E2EC6-C28D-4C12-950D-E439B1D4AF21}.Debug|Any CPU.Build.0 = Debug|Any CPU
		{D24E2EC6-C28D-4C12-950D-E439B1D4AF21}.Release|Any CPU.ActiveCfg = Release|Any CPU
		{D24E2EC6-C28D-4C12-950D-E439B1D4AF21}.Release|Any CPU.Build.0 = Release|Any CPU
		{6D7753B5-DB9E-4A37-8F91-9E2CC90A3DC5}.Debug|Any CPU.ActiveCfg = Debug|Any CPU
		{6D7753B5-DB9E-4A37-8F91-9E2CC90A3DC5}.Debug|Any CPU.Build.0 = Debug|Any CPU
		{6D7753B5-DB9E-4A37-8F91-9E2CC90A3DC5}.Release|Any CPU.ActiveCfg = Release|Any CPU
		{6D7753B5-DB9E-4A37-8F91-9E2CC90A3DC5}.Release|Any CPU.Build.0 = Release|Any CPU
		{80332B24-CD2F-4A29-A5CF-92B7F208BD71}.Debug|Any CPU.ActiveCfg = Debug|Any CPU
		{80332B24-CD2F-4A29-A5CF-92B7F208BD71}.Debug|Any CPU.Build.0 = Debug|Any CPU
		{80332B24-CD2F-4A29-A5CF-92B7F208BD71}.Release|Any CPU.ActiveCfg = Release|Any CPU
		{80332B24-CD2F-4A29-A5CF-92B7F208BD71}.Release|Any CPU.Build.0 = Release|Any CPU
	EndGlobalSection
	GlobalSection(NestedProjects) = preSolution
		{C15D00B7-F133-409D-B550-5456FD16268F} = {FF179A83-64C3-4C02-9F50-84B697DC11CB}
		{95F509B8-57FB-4B75-8786-2821E4B1A816} = {FF179A83-64C3-4C02-9F50-84B697DC11CB}
		{CE74FC50-8ABE-4EE8-B818-EA43E4D194F2} = {FF179A83-64C3-4C02-9F50-84B697DC11CB}
		{D24E2EC6-C28D-4C12-950D-E439B1D4AF21} = {FF179A83-64C3-4C02-9F50-84B697DC11CB}
		{6D7753B5-DB9E-4A37-8F91-9E2CC90A3DC5} = {FF179A83-64C3-4C02-9F50-84B697DC11CB}
		{80332B24-CD2F-4A29-A5CF-92B7F208BD71} = {FF179A83-64C3-4C02-9F50-84B697DC11CB}
	EndGlobalSection
EndGlobal
